
Microsoft Visual Studio Solution File, Format Version 12.00
# Visual Studio Version 17
VisualStudioVersion = 17.1.32319.34
MinimumVisualStudioVersion = 10.0.40219.1
Project("{FAE04EC0-301F-11D3-BF4B-00C04F79EFBC}") = "Habit Tracker", "Habit Tracker\Habit Tracker.csproj", "{5170E1AE-7AAA-4229-AFF8-36442AF886D6}"
EndProject
Global
	GlobalSection(SolutionConfigurationPlatforms) = preSolution
		Debug|Any CPU = Debug|Any CPU
		Release|Any CPU = Release|Any CPU
	EndGlobalSection
	GlobalSection(ProjectConfigurationPlatforms) = postSolution
		{5170E1AE-7AAA-4229-AFF8-36442AF886D6}.Debug|Any CPU.ActiveCfg = Debug|Any CPU
		{5170E1AE-7AAA-4229-AFF8-36442AF886D6}.Debug|Any CPU.Build.0 = Debug|Any CPU
		{5170E1AE-7AAA-4229-AFF8-36442AF886D6}.Release|Any CPU.ActiveCfg = Release|Any CPU
		{5170E1AE-7AAA-4229-AFF8-36442AF886D6}.Release|Any CPU.Build.0 = Release|Any CPU
	EndGlobalSection
	GlobalSection(SolutionProperties) = preSolution
		HideSolutionNode = FALSE
	EndGlobalSection
	GlobalSection(ExtensibilityGlobals) = postSolution
		SolutionGuid = {06526BA6-D5FA-46B7-AAFA-534686FFD3F5}
	EndGlobalSection
EndGlobal
